
Microsoft Visual Studio Solution File, Format Version 12.00
Project("{FAE04EC0-301F-11D3-BF4B-00C04F79EFBC}") = "AgencyProjectFourth", "AgencyProjectFourth\AgencyProjectFourth.csproj", "{E133F335-7031-44D3-ADDF-8EE054FA75BB}"
EndProject
Global
	GlobalSection(SolutionConfigurationPlatforms) = preSolution
		Debug|Any CPU = Debug|Any CPU
		Release|Any CPU = Release|Any CPU
	EndGlobalSection
	GlobalSection(ProjectConfigurationPlatforms) = postSolution
		{E133F335-7031-44D3-ADDF-8EE054FA75BB}.Debug|Any CPU.ActiveCfg = Debug|Any CPU
		{E133F335-7031-44D3-ADDF-8EE054FA75BB}.Debug|Any CPU.Build.0 = Debug|Any CPU
		{E133F335-7031-44D3-ADDF-8EE054FA75BB}.Release|Any CPU.ActiveCfg = Release|Any CPU
		{E133F335-7031-44D3-ADDF-8EE054FA75BB}.Release|Any CPU.Build.0 = Release|Any CPU
	EndGlobalSection
EndGlobal
